
Microsoft Visual Studio Solution File, Format Version 12.00
# Visual Studio Version 16
VisualStudioVersion = 16.0.28803.156
MinimumVisualStudioVersion = 10.0.40219.1
Project("{FAE04EC0-301F-11D3-BF4B-00C04F79EFBC}") = "ContosoUniversity", "ContosoUniversity\ContosoUniversity.csproj", "{986938AA-D063-44C4-BB7A-D4E822E328A8}"
EndProject
Global
	GlobalSection(SolutionConfigurationPlatforms) = preSolution
		Debug|Any CPU = Debug|Any CPU
		Release|Any CPU = Release|Any CPU
	EndGlobalSection
	GlobalSection(ProjectConfigurationPlatforms) = postSolution
		{986938AA-D063-44C4-BB7A-D4E822E328A8}.Debug|Any CPU.ActiveCfg = Debug|Any CPU
		{986938AA-D063-44C4-BB7A-D4E822E328A8}.Debug|Any CPU.Build.0 = Debug|Any CPU
		{986938AA-D063-44C4-BB7A-D4E822E328A8}.Release|Any CPU.ActiveCfg = Release|Any CPU
		{986938AA-D063-44C4-BB7A-D4E822E328A8}.Release|Any CPU.Build.0 = Release|Any CPU
	EndGlobalSection
	GlobalSection(SolutionProperties) = preSolution
		HideSolutionNode = FALSE
	EndGlobalSection
	GlobalSection(ExtensibilityGlobals) = postSolution
		SolutionGuid = {B3559845-384F-4D95-A5C1-C18FEB1B84EB}
	EndGlobalSection
EndGlobal
